
Microsoft Visual Studio Solution File, Format Version 12.00
# Visual Studio 14
VisualStudioVersion = 14.0.23107.0
MinimumVisualStudioVersion = 10.0.40219.1
Project("{FAE04EC0-301F-11D3-BF4B-00C04F79EFBC}") = "BinaryTree", "BinaryTree\BinaryTree.csproj", "{FAE54019-F676-49DD-B613-4D6574A25AD4}"
EndProject
Project("{FAE04EC0-301F-11D3-BF4B-00C04F79EFBC}") = "BinaryTreeTests", "BinaryTreeTests\BinaryTreeTests.csproj", "{0CAEF9EC-3393-4240-99D5-CE0C93517C4C}"
EndProject
Project("{FAE04EC0-301F-11D3-BF4B-00C04F79EFBC}") = "BinaryTreeTests1", "BinaryTreeTests1\BinaryTreeTests1.csproj", "{CC3B68D4-9CF1-4DAE-A939-990484DFE65E}"
EndProject
Global
	GlobalSection(SolutionConfigurationPlatforms) = preSolution
		Debug|Any CPU = Debug|Any CPU
		Release|Any CPU = Release|Any CPU
	EndGlobalSection
	GlobalSection(ProjectConfigurationPlatforms) = postSolution
		{FAE54019-F676-49DD-B613-4D6574A25AD4}.Debug|Any CPU.ActiveCfg = Debug|Any CPU
		{FAE54019-F676-49DD-B613-4D6574A25AD4}.Debug|Any CPU.Build.0 = Debug|Any CPU
		{FAE54019-F676-49DD-B613-4D6574A25AD4}.Release|Any CPU.ActiveCfg = Release|Any CPU
		{FAE54019-F676-49DD-B613-4D6574A25AD4}.Release|Any CPU.Build.0 = Release|Any CPU
		{0CAEF9EC-3393-4240-99D5-CE0C93517C4C}.Debug|Any CPU.ActiveCfg = Debug|Any CPU
		{0CAEF9EC-3393-4240-99D5-CE0C93517C4C}.Debug|Any CPU.Build.0 = Debug|Any CPU
		{0CAEF9EC-3393-4240-99D5-CE0C93517C4C}.Release|Any CPU.ActiveCfg = Release|Any CPU
		{0CAEF9EC-3393-4240-99D5-CE0C93517C4C}.Release|Any CPU.Build.0 = Release|Any CPU
		{CC3B68D4-9CF1-4DAE-A939-990484DFE65E}.Debug|Any CPU.ActiveCfg = Debug|Any CPU
		{CC3B68D4-9CF1-4DAE-A939-990484DFE65E}.Debug|Any CPU.Build.0 = Debug|Any CPU
		{CC3B68D4-9CF1-4DAE-A939-990484DFE65E}.Release|Any CPU.ActiveCfg = Release|Any CPU
		{CC3B68D4-9CF1-4DAE-A939-990484DFE65E}.Release|Any CPU.Build.0 = Release|Any CPU
	EndGlobalSection
	GlobalSection(SolutionProperties) = preSolution
		HideSolutionNode = FALSE
	EndGlobalSection
EndGlobal
